lock-version = "1"

[[task]]
id = "tasks/task_baselines.py::task_create_validation_baselines"
state = "3b7ced347d5e4c78c4cd985c5fbf8870b17c8130251797e07381137b6a6f3315"

[task.depends_on]
"data/processed/model_dataset.parquet" = "bb9a4ece675996d6ef0eb2e207adba88b10a072d515af3533650aa26001fcbe6"
"src/bankruptcy_risk/baselines.py" = "315ffb288c46bdf72e177c1f48a0f2c3b59c64f053e89b6a2bfea8a795873100"
"src/bankruptcy_risk/config.py" = "82847653d269b9e406ca6e261b74c6c5a113b51ade5195c6c3ab616369e4ca46"

[task.produces]
"outputs/tables/validation_baseline_predictions.csv" = "d839164196cd55d2e1e1f7947f400d9de4d6287c80f33c608afbf3685e5434de"

[[task]]
id = "tasks/task_data_validation.py::task_validate_raw_data"
state = "6f8cf48c582a8574fd712e5951d1447126ce2220662e52fde95db845913bd8db"

[task.depends_on]
"data/raw/american_bankruptcy.csv" = "cff2c899a97ecd629415cb22f59186000e74e1c0a78cfae036c0a53025419b5e"
"src/bankruptcy_risk/config.py" = "82847653d269b9e406ca6e261b74c6c5a113b51ade5195c6c3ab616369e4ca46"
"src/bankruptcy_risk/data_validation.py" = "40d1f4bd27cfde4b4662a18cdf7231ef021fcdb006c4d6b4256135c88d835b55"

[task.produces]
"outputs/metadata/raw_data_validation.json" = "5ca20bb7b920df47765a816c1e2afc0c639cb137367b124523e166228f196a1e"

[[task]]
id = "tasks/task_decision_tree.py::task_fit_pruned_decision_tree"
state = "a2b1f27044a8567bc1f3cb1da448fb0bbeb97ec3a121f65e4fb84c1351e3ada2"

[task.depends_on]
"data/processed/model_dataset.parquet" = "bb9a4ece675996d6ef0eb2e207adba88b10a072d515af3533650aa26001fcbe6"
"src/bankruptcy_risk/config.py" = "82847653d269b9e406ca6e261b74c6c5a113b51ade5195c6c3ab616369e4ca46"
"src/bankruptcy_risk/decision_tree.py" = "15651b078517273332ffad8556115d22ece9543a1d0127ae636276cf8459f2da"
"src/bankruptcy_risk/features.py" = "005288fa7aae04e2d9499c62110f8ab9de0592b16f1a79afb1b70ee139a6a11c"
"src/bankruptcy_risk/preprocessing.py" = "47ca9b2f2184355a65490c5e5836e7e36dcc7bf9aa420ac940fd05fdded145a9"
"src/bankruptcy_risk/splitting.py" = "04728e6c1920f6b836ae3659dae9e263f0c54c9976899ff38d0190a56f7d3fc4"

[task.produces]
"outputs/figures/pruned_decision_tree.png" = "0bbdb11e42869c32e3215d9bb608933dad572cbae09d67cba0fd342ecc469143"
"outputs/models/pruned_decision_tree.joblib" = "03e2ec173422e578eddc3b88464369aaa8d5feb60ce6beb377339e8d21100c62"
"outputs/tables/decision_tree_cv_results.csv" = "538aa963dd766ecac3eb8cc145dcde556de8a8035ca0b3271cd9a8e9c3a6cc51"
"outputs/tables/decision_tree_feature_importance.csv" = "07e5c0b535771f3fdccc855c348196cc6a3dc4e3b7f1acfb53961c3bf7f95232"
"outputs/tables/decision_tree_selection.csv" = "69f79287518d1c5c43b9aea6769e1ca294ca25017998e08cdc0f17d9f5161ab0"
"outputs/tables/decision_tree_validation_predictions.csv" = "8aa2235492a68e425c7d9088369844115d6013954cebd65185de02360bc9676a"

[[task]]
id = "tasks/task_eda.py::task_plot_annual_overview"
state = "800b565d62328fcfeb38107fb881f26cf56ab95329902e03863abb13a658c836"

[task.depends_on]
"outputs/tables/annual_bankruptcy_overview.csv" = "c64ac22aaed5c5b40c87c468b0224f74d7713ae75959dcc35f65af3d38d67312"
"src/bankruptcy_risk/visualization.py" = "0b88c95064c1421c8ae2768ecb4598a6208a98049b5b480da853dda17e39e276"

[task.produces]
"outputs/figures/annual_bankruptcy_overview.png" = "2523a9fcc136d7363ed986005ba0f6ab4270fea379b9d702b44e4e9ad95e14d4"

[[task]]
id = "tasks/task_eda.py::task_plot_period_event_rates"
state = "800b565d62328fcfeb38107fb881f26cf56ab95329902e03863abb13a658c836"

[task.depends_on]
"outputs/tables/temporal_split_summary.csv" = "ad4f8b3d09eab924abe512f958727781f0b4f222998a1a48178a9ab2af8a5757"
"src/bankruptcy_risk/visualization.py" = "0b88c95064c1421c8ae2768ecb4598a6208a98049b5b480da853dda17e39e276"

[task.produces]
"outputs/figures/class_balance_by_period.png" = "60d2ba0fb18ca9f038b936cdacc654dc80d34a90ef45da2bf8fce8462b64659b"

[[task]]
id = "tasks/task_eda.py::task_plot_training_ratio_correlation"
state = "800b565d62328fcfeb38107fb881f26cf56ab95329902e03863abb13a658c836"

[task.depends_on]
"data/processed/model_dataset.parquet" = "bb9a4ece675996d6ef0eb2e207adba88b10a072d515af3533650aa26001fcbe6"
"src/bankruptcy_risk/exploration.py" = "8e3ee662851eeff53462f84f908200e76ce2aa5c3b029c2c233e9092a25e5de8"
"src/bankruptcy_risk/visualization.py" = "0b88c95064c1421c8ae2768ecb4598a6208a98049b5b480da853dda17e39e276"

[task.produces]
"outputs/figures/training_ratio_correlation.png" = "ef6b5b459d668300b402c78503d365c7e84cd478bf1cfa4b6e55f139b7840110"

[[task]]
id = "tasks/task_eda.py::task_plot_training_ratio_distributions"
state = "800b565d62328fcfeb38107fb881f26cf56ab95329902e03863abb13a658c836"

[task.depends_on]
"data/processed/model_dataset.parquet" = "bb9a4ece675996d6ef0eb2e207adba88b10a072d515af3533650aa26001fcbe6"
"src/bankruptcy_risk/exploration.py" = "8e3ee662851eeff53462f84f908200e76ce2aa5c3b029c2c233e9092a25e5de8"
"src/bankruptcy_risk/visualization.py" = "0b88c95064c1421c8ae2768ecb4598a6208a98049b5b480da853dda17e39e276"

[task.produces]
"outputs/figures/training_ratio_distributions.png" = "a881092486621c440afa27f0fc25e9a99babb261f9d8a48bac6b3aa29351c2ec"

[[task]]
id = "tasks/task_eda.py::task_write_annual_overview"
state = "800b565d62328fcfeb38107fb881f26cf56ab95329902e03863abb13a658c836"

[task.depends_on]
"data/processed/model_dataset.parquet" = "bb9a4ece675996d6ef0eb2e207adba88b10a072d515af3533650aa26001fcbe6"
"src/bankruptcy_risk/exploration.py" = "8e3ee662851eeff53462f84f908200e76ce2aa5c3b029c2c233e9092a25e5de8"

[task.produces]
"outputs/tables/annual_bankruptcy_overview.csv" = "c64ac22aaed5c5b40c87c468b0224f74d7713ae75959dcc35f65af3d38d67312"

[[task]]
id = "tasks/task_eda.py::task_write_training_ratio_summary"
state = "800b565d62328fcfeb38107fb881f26cf56ab95329902e03863abb13a658c836"

[task.depends_on]
"data/processed/model_dataset.parquet" = "bb9a4ece675996d6ef0eb2e207adba88b10a072d515af3533650aa26001fcbe6"
"src/bankruptcy_risk/exploration.py" = "8e3ee662851eeff53462f84f908200e76ce2aa5c3b029c2c233e9092a25e5de8"

[task.produces]
"outputs/tables/training_ratio_summary.csv" = "1c25bcd908902a44b5d4dd5f13bd195661d9e96cf3738877e9b787b4e345476a"

[[task]]
id = "tasks/task_evaluation.py::task_evaluate_validation_predictions"
state = "831655f6c81a1d68004cc6ea3007b4af5e23376aaecc8e4fc73148d6b7d067d9"

[task.depends_on]
"outputs/tables/decision_tree_validation_predictions.csv" = "8aa2235492a68e425c7d9088369844115d6013954cebd65185de02360bc9676a"
"outputs/tables/gradient_boosting_validation_predictions.csv" = "ef50d60ba1b41447774a18e7006db77e189eb2ad09dd34760e0516a40685a723"
"outputs/tables/interpretable_logit_validation_predictions.csv" = "5cc08268ba7bf0c29e0de456216240b1dd23efcf9c74220aaf95f4234e73fb32"
"outputs/tables/random_forest_validation_predictions.csv" = "e63cfc502d6abe649184353b6ded56caf2a7d437166e141baed8dc7a3d911f35"
"outputs/tables/regularized_logit_validation_predictions.csv" = "4889e7347c9cbc256e88c2d719691c52402e6bb15f8b9f466e27586710715ee1"
"outputs/tables/validation_baseline_predictions.csv" = "d839164196cd55d2e1e1f7947f400d9de4d6287c80f33c608afbf3685e5434de"
"src/bankruptcy_risk/config.py" = "82847653d269b9e406ca6e261b74c6c5a113b51ade5195c6c3ab616369e4ca46"
"src/bankruptcy_risk/evaluation.py" = "6b11d985c1168752d06508a33afdf38eb896bfeea13dc67b425fab7e2f5277d3"

[task.produces]
"outputs/figures/validation_calibration_curves.png" = "e191c674ae62cdbf1ef9382e0670eb625049653eac78e24dab95891191a8c713"
"outputs/figures/validation_confusion_matrices.png" = "1a94c227faf16f4755f7a6e794093837f6a8d656e8699d5aff4a14c570ed9c5b"
"outputs/figures/validation_precision_recall_curves.png" = "ec77731d147d33ea15463c467684c7e30c31b4637a0b822e236b1221a7f50165"
"outputs/figures/validation_roc_curves.png" = "404272a9e030e005ba0a9640152f003dfb3596ce4745fab0e01a9e3d0e82fe90"
"outputs/tables/combined_validation_predictions.csv" = "b7ec1a1863783546ee82c6b086406329410e03450d056ec9117783284d0317e4"
"outputs/tables/validation_calibration.csv" = "70f58a490c1b6aad4d76f849a68cb066768ba7b37640437a4ffe455da8f57c0f"
"outputs/tables/validation_default_metrics.csv" = "b85ec02faec2e9f773f73b29e989c8674d2a0c19a1fe5d666fe69984021d5266"
"outputs/tables/validation_optimized_metrics.csv" = "73c77ca6214161f395a6939e42c764dfcda56d9094196e5e8ca2dd53ba30976d"
"outputs/tables/validation_selected_thresholds.csv" = "7a3cf0d7c101c05101c2170238621f33cc4b051e08f393defb838af9e00e6dcd"
"outputs/tables/validation_threshold_curves.csv" = "b983b67afc78fde23559beb8a5b7bddb78dc7c6f3fb8b66a3a9fbd87cedd3455"

[[task]]
id = "tasks/task_features.py::task_build_model_features"
state = "9c31349d6fe68d7b26619965208012ffe6ec930372babcb757fd829f151011dd"

[task.depends_on]
"data/interim/bankruptcy_panel.parquet" = "ecb4379511cd47fcc6d49718a7b6ead04feaab1e1e636e55348edb975580a6ff"
"src/bankruptcy_risk/config.py" = "82847653d269b9e406ca6e261b74c6c5a113b51ade5195c6c3ab616369e4ca46"
"src/bankruptcy_risk/features.py" = "005288fa7aae04e2d9499c62110f8ab9de0592b16f1a79afb1b70ee139a6a11c"
"src/bankruptcy_risk/target.py" = "d08dcc647b1ad0f645ad10d098f2e80069ff07872a9ed7d4d90099429d4af513"

[task.produces]
"data/processed/model_features.parquet" = "a9ef9a02690912e3233c4ddc96b62fd36d3651e8035bb321fb028fa9ead8014d"

[[task]]
id = "tasks/task_features.py::task_write_feature_dictionary"
state = "9c31349d6fe68d7b26619965208012ffe6ec930372babcb757fd829f151011dd"

[task.depends_on]
"src/bankruptcy_risk/features.py" = "005288fa7aae04e2d9499c62110f8ab9de0592b16f1a79afb1b70ee139a6a11c"

[task.produces]
"outputs/tables/feature_dictionary.csv" = "bf4105dfd1bcc73d74fdbe9ffb9fea397f304ae1e2918d2d740ddce7f4685837"

[[task]]
id = "tasks/task_gradient_boosting.py::task_fit_gradient_boosting"
state = "f96391f15d97575603a25c28d2babf47fddd2a3201b91169b75ce8183824f654"

[task.depends_on]
"data/processed/model_dataset.parquet" = "bb9a4ece675996d6ef0eb2e207adba88b10a072d515af3533650aa26001fcbe6"
"src/bankruptcy_risk/config.py" = "82847653d269b9e406ca6e261b74c6c5a113b51ade5195c6c3ab616369e4ca46"
"src/bankruptcy_risk/features.py" = "005288fa7aae04e2d9499c62110f8ab9de0592b16f1a79afb1b70ee139a6a11c"
"src/bankruptcy_risk/gradient_boosting.py" = "8c16d061b1cfe8332ad7ce58e57ed656d88158c23173feb7867072afe6e58fe0"
"src/bankruptcy_risk/preprocessing.py" = "47ca9b2f2184355a65490c5e5836e7e36dcc7bf9aa420ac940fd05fdded145a9"
"src/bankruptcy_risk/splitting.py" = "04728e6c1920f6b836ae3659dae9e263f0c54c9976899ff38d0190a56f7d3fc4"

[task.produces]
"outputs/figures/gradient_boosting_feature_importance.png" = "06618fe11b732f58193c042217c14e298ddeba0a484bda01d8f172f490242444"
"outputs/models/gradient_boosting.joblib" = "4851a4b63a009831566919bf382a9bd597d5aa9b3319a7fd9040147e149cc0b5"
"outputs/tables/gradient_boosting_cv_results.csv" = "47d952ea434af725f2b7d7fdad73924b8a574807e7865ef604e94ff3603532f0"
"outputs/tables/gradient_boosting_feature_importance.csv" = "747dc0f1fd2e61529077a40c5f9875192fca6cc02a48f87396f391c34dbd03dc"
"outputs/tables/gradient_boosting_selection.csv" = "af5c4f0bc4e0e8ce13eab3f22e7e0be2420fd6f6ffa10374774cf4d9182e86ba"
"outputs/tables/gradient_boosting_validation_predictions.csv" = "ef50d60ba1b41447774a18e7006db77e189eb2ad09dd34760e0516a40685a723"

[[task]]
id = "tasks/task_interpretable_logit.py::task_fit_interpretable_logit"
state = "73dfaec03c3c409824876d25b7ecf1ac98ccc0c66aba0f18ce409b11b3119125"

[task.depends_on]
"data/processed/model_dataset.parquet" = "bb9a4ece675996d6ef0eb2e207adba88b10a072d515af3533650aa26001fcbe6"
"src/bankruptcy_risk/config.py" = "82847653d269b9e406ca6e261b74c6c5a113b51ade5195c6c3ab616369e4ca46"
"src/bankruptcy_risk/features.py" = "005288fa7aae04e2d9499c62110f8ab9de0592b16f1a79afb1b70ee139a6a11c"
"src/bankruptcy_risk/interpretable_logit.py" = "55bd70ec46e3e883d5f5846b90f30edcffb95a04f51489139e6df6999684313a"
"src/bankruptcy_risk/preprocessing.py" = "47ca9b2f2184355a65490c5e5836e7e36dcc7bf9aa420ac940fd05fdded145a9"

[task.produces]
"outputs/models/interpretable_logit.joblib" = "3aff6c78ad4876935aba5b22a0d66c76fc6260fd2f46f14a4a070cba6c9a3c6a"
"outputs/tables/interpretable_logit_coefficients.csv" = "8b05fa1758c5e66472d3ecd16a0f97a78ab9e127c0beccca6b44b0080b6a31b9"
"outputs/tables/interpretable_logit_marginal_effects.csv" = "768f8276e12be6537f2aebdae779bff55b00badd95afe2bdea472c22e29015c3"
"outputs/tables/interpretable_logit_validation_predictions.csv" = "5cc08268ba7bf0c29e0de456216240b1dd23efcf9c74220aaf95f4234e73fb32"

[[task]]
id = "tasks/task_interpretation.py::task_interpret_financial_drivers"
state = "fe822990a12f28e2e50c78b535f253afb78b2d79d2f7656e8fdc69a367963cc9"

[task.depends_on]
"data/processed/model_dataset.parquet" = "bb9a4ece675996d6ef0eb2e207adba88b10a072d515af3533650aa26001fcbe6"
"outputs/models/gradient_boosting.joblib" = "4851a4b63a009831566919bf382a9bd597d5aa9b3319a7fd9040147e149cc0b5"
"outputs/models/interpretable_logit.joblib" = "3aff6c78ad4876935aba5b22a0d66c76fc6260fd2f46f14a4a070cba6c9a3c6a"
"outputs/models/pruned_decision_tree.joblib" = "03e2ec173422e578eddc3b88464369aaa8d5feb60ce6beb377339e8d21100c62"
"outputs/models/random_forest.joblib" = "60363cabed2e919adca494ebc68747704be0deda7ec9cfd310c84f4d5f13bb98"
"outputs/models/regularized_logit_models.joblib" = "9c07ecb21cedb984e4b0b86ff881e2effc334b191137c7176c87bd38c84c1a6a"
"outputs/tables/validation_default_metrics.csv" = "b85ec02faec2e9f773f73b29e989c8674d2a0c19a1fe5d666fe69984021d5266"
"src/bankruptcy_risk/config.py" = "82847653d269b9e406ca6e261b74c6c5a113b51ade5195c6c3ab616369e4ca46"
"src/bankruptcy_risk/interpretation.py" = "9177c45a7a922dbdcb27fa2aa90a9bcf91d7f3a46cdece1152970a34a2b563da"

[task.produces]
"outputs/figures/champion_partial_dependence.png" = "dfa8224812c23ea284963278e2e5533c2692c65bcfdece00bbca9f5dc479267d"
"outputs/figures/champion_permutation_importance.png" = "507234f8cebf23f8bcaad4b76e17167b68837b29e30fbe8f8d64c07ccb984296"
"outputs/figures/cross_model_driver_importance.png" = "d8310f05ac770f32ef6c1643dee141572247a906081fcdf4e7f90efde2108988"
"outputs/tables/champion_partial_dependence.csv" = "a7959588d8d3d87b8e54f14e3b6be7d4188a0174687c283986a5e57137b2796d"
"outputs/tables/champion_permutation_importance.csv" = "c76553d770df10b165980b40cb958ee4cb8818811d2fc5d69ff8c2b131ed0a40"
"outputs/tables/cross_model_driver_consensus.csv" = "6825a841877caba6663af56faa8959bb8209a9205e296a50cdf352c0698f2a0c"
"outputs/tables/cross_model_driver_importance.csv" = "747717cb70083fb9aa82b50da4c6fd3fe034c6093443273e25a34bd57eb04e69"

[[task]]
id = "tasks/task_random_forest.py::task_fit_random_forest"
state = "63470fe4b3960b9660c4c8cee3d9d130260be3792ee1f611ead6008b0dd5eb5c"

[task.depends_on]
"data/processed/model_dataset.parquet" = "bb9a4ece675996d6ef0eb2e207adba88b10a072d515af3533650aa26001fcbe6"
"src/bankruptcy_risk/config.py" = "82847653d269b9e406ca6e261b74c6c5a113b51ade5195c6c3ab616369e4ca46"
"src/bankruptcy_risk/features.py" = "005288fa7aae04e2d9499c62110f8ab9de0592b16f1a79afb1b70ee139a6a11c"
"src/bankruptcy_risk/preprocessing.py" = "47ca9b2f2184355a65490c5e5836e7e36dcc7bf9aa420ac940fd05fdded145a9"
"src/bankruptcy_risk/random_forest.py" = "f45245a8eb9a582d48a4014f8d444ae6ee7cf2c966f3e2e04160e455f4a4c6a1"
"src/bankruptcy_risk/splitting.py" = "04728e6c1920f6b836ae3659dae9e263f0c54c9976899ff38d0190a56f7d3fc4"

[task.produces]
"outputs/figures/random_forest_feature_importance.png" = "7fbb579706541dff78ec9407a12b70f8e55c2b1587242efdd8d8cbf1b0178af1"
"outputs/models/random_forest.joblib" = "60363cabed2e919adca494ebc68747704be0deda7ec9cfd310c84f4d5f13bb98"
"outputs/tables/random_forest_cv_results.csv" = "0edd1a5e6e23fed11d46f22037736f5ed57ad10c728944858f3b2936627a7218"
"outputs/tables/random_forest_feature_importance.csv" = "05c84d17979920300e0545cb3922b81a4305df1e4f9732fee43fc37871b0864a"
"outputs/tables/random_forest_oob_diagnostics.csv" = "e6239501b373e2819f130960bdcb1589fe42e8ef74699d327b04ab43a7a56bed"
"outputs/tables/random_forest_selection.csv" = "88a1ada2d24bb7cdd6da4ae5f480931103d1fa9c73c7375aab0bb75f24fdf5b3"
"outputs/tables/random_forest_validation_predictions.csv" = "e63cfc502d6abe649184353b6ded56caf2a7d437166e141baed8dc7a3d911f35"

[[task]]
id = "tasks/task_regularized_logit.py::task_fit_regularized_logits"
state = "0e0c5e667848e6cfbcb044b39d89d413f59ad44d021c80bab2bb56c43abf9583"

[task.depends_on]
"data/processed/model_dataset.parquet" = "bb9a4ece675996d6ef0eb2e207adba88b10a072d515af3533650aa26001fcbe6"
"src/bankruptcy_risk/config.py" = "82847653d269b9e406ca6e261b74c6c5a113b51ade5195c6c3ab616369e4ca46"
"src/bankruptcy_risk/features.py" = "005288fa7aae04e2d9499c62110f8ab9de0592b16f1a79afb1b70ee139a6a11c"
"src/bankruptcy_risk/preprocessing.py" = "47ca9b2f2184355a65490c5e5836e7e36dcc7bf9aa420ac940fd05fdded145a9"
"src/bankruptcy_risk/regularized_logit.py" = "98c1233ec4d51c96860a3419190f5b7097507d65c3c7a1fa06cedf35df719929"
"src/bankruptcy_risk/splitting.py" = "04728e6c1920f6b836ae3659dae9e263f0c54c9976899ff38d0190a56f7d3fc4"

[task.produces]
"outputs/models/regularized_logit_models.joblib" = "9c07ecb21cedb984e4b0b86ff881e2effc334b191137c7176c87bd38c84c1a6a"
"outputs/tables/regularized_logit_coefficients.csv" = "a569096eb90f4f831f4bd32898b9b0077842928b200b8d8a27e58434efd4124d"
"outputs/tables/regularized_logit_cv_results.csv" = "a0503ce333ae63183c46e3c153ced5977afebccc0d83fd60e56e3ad8b0e3a0da"
"outputs/tables/regularized_logit_selection.csv" = "5c155f265c4afb7ae0dfc3c5d52b2feffe1d4e1b201a42acfc13d97b459f2634"
"outputs/tables/regularized_logit_validation_predictions.csv" = "4889e7347c9cbc256e88c2d719691c52402e6bb15f8b9f466e27586710715ee1"

[[task]]
id = "tasks/task_splitting.py::task_assign_temporal_periods"
state = "d77b7eebb5484fef0c260d4b03997043c80beb6edd32826b1874af14142acc4d"

[task.depends_on]
"data/processed/model_features.parquet" = "a9ef9a02690912e3233c4ddc96b62fd36d3651e8035bb321fb028fa9ead8014d"
"src/bankruptcy_risk/config.py" = "82847653d269b9e406ca6e261b74c6c5a113b51ade5195c6c3ab616369e4ca46"
"src/bankruptcy_risk/features.py" = "005288fa7aae04e2d9499c62110f8ab9de0592b16f1a79afb1b70ee139a6a11c"
"src/bankruptcy_risk/splitting.py" = "04728e6c1920f6b836ae3659dae9e263f0c54c9976899ff38d0190a56f7d3fc4"

[task.produces]
"data/processed/model_dataset.parquet" = "bb9a4ece675996d6ef0eb2e207adba88b10a072d515af3533650aa26001fcbe6"

[[task]]
id = "tasks/task_splitting.py::task_write_expanding_fold_summary"
state = "d77b7eebb5484fef0c260d4b03997043c80beb6edd32826b1874af14142acc4d"

[task.depends_on]
"data/processed/model_dataset.parquet" = "bb9a4ece675996d6ef0eb2e207adba88b10a072d515af3533650aa26001fcbe6"
"src/bankruptcy_risk/splitting.py" = "04728e6c1920f6b836ae3659dae9e263f0c54c9976899ff38d0190a56f7d3fc4"

[task.produces]
"outputs/tables/expanding_fold_summary.csv" = "ece6273c08985bc7e3b1c4ec67e5248a49d46b07e7fdb8df257effce6dc90de8"

[[task]]
id = "tasks/task_splitting.py::task_write_temporal_split_summary"
state = "d77b7eebb5484fef0c260d4b03997043c80beb6edd32826b1874af14142acc4d"

[task.depends_on]
"data/processed/model_dataset.parquet" = "bb9a4ece675996d6ef0eb2e207adba88b10a072d515af3533650aa26001fcbe6"
"src/bankruptcy_risk/splitting.py" = "04728e6c1920f6b836ae3659dae9e263f0c54c9976899ff38d0190a56f7d3fc4"

[task.produces]
"outputs/tables/temporal_split_summary.csv" = "ad4f8b3d09eab924abe512f958727781f0b4f222998a1a48178a9ab2af8a5757"

[[task]]
id = "tasks/task_target.py::task_construct_bankruptcy_panel"
state = "ecce2c36f86867a0128c29004e801587062aa06aa1391fd0ddf61f4f04c62438"

[task.depends_on]
"data/raw/american_bankruptcy.csv" = "cff2c899a97ecd629415cb22f59186000e74e1c0a78cfae036c0a53025419b5e"
"outputs/metadata/raw_data_validation.json" = "5ca20bb7b920df47765a816c1e2afc0c639cb137367b124523e166228f196a1e"
"src/bankruptcy_risk/config.py" = "82847653d269b9e406ca6e261b74c6c5a113b51ade5195c6c3ab616369e4ca46"
"src/bankruptcy_risk/data_validation.py" = "40d1f4bd27cfde4b4662a18cdf7231ef021fcdb006c4d6b4256135c88d835b55"
"src/bankruptcy_risk/target.py" = "d08dcc647b1ad0f645ad10d098f2e80069ff07872a9ed7d4d90099429d4af513"

[task.produces]
"data/interim/bankruptcy_panel.parquet" = "ecb4379511cd47fcc6d49718a7b6ead04feaab1e1e636e55348edb975580a6ff"

[[task]]
id = "tasks/task_uncertainty.py::task_bootstrap_validation_uncertainty"
state = "a3599ca91b0145d89e067181f5dfa0a165fe9a7d73e55fbfd1d78ce574c86dfc"

[task.depends_on]
"outputs/tables/combined_validation_predictions.csv" = "b7ec1a1863783546ee82c6b086406329410e03450d056ec9117783284d0317e4"
"outputs/tables/validation_selected_thresholds.csv" = "7a3cf0d7c101c05101c2170238621f33cc4b051e08f393defb838af9e00e6dcd"
"src/bankruptcy_risk/config.py" = "82847653d269b9e406ca6e261b74c6c5a113b51ade5195c6c3ab616369e4ca46"
"src/bankruptcy_risk/uncertainty.py" = "94a158cb989c80240b111ce214747a968e4dc35f6d02cbcefdd748ced4c0ead7"

[task.produces]
"outputs/figures/validation_bootstrap_metric_intervals.png" = "3ca1d36400c6b070cf8d48c8d4982e16658cee47bca5ddab2bbf6f5b9536d0c4"
"outputs/figures/validation_bootstrap_pairwise_differences.png" = "623949c1ad2aeaf79fecd6899d53efb3a845aaa8b3e56d25f2452124ebe677fd"
"outputs/tables/validation_bootstrap_intervals.csv" = "a072512f01cbd34a0d6417355362823041cc7a71e41789dda056a039dc25c92b"
"outputs/tables/validation_bootstrap_pairwise_differences.csv" = "77c1b257ba55732e1ef4e463961744379299ef853056ce07c568cdfe312c4034"
"outputs/tables/validation_bootstrap_point_metrics.csv" = "12d3b9dd2491900945b676c80cb6ba9902e35e3be2b18ef44a76a8d4fdbc6f32"
"outputs/tables/validation_bootstrap_replicates.csv" = "28345cdccdde92801cd2cc3cd6e0b73f563aa45b4fa1d995cfc83e16500efe47"
